
Microsoft Visual Studio Solution File, Format Version 12.00
# Visual Studio Version 16
VisualStudioVersion = 16.0.30406.217
MinimumVisualStudioVersion = 10.0.40219.1
Project("{8BC9CEB8-8B4A-11D0-8D11-00A0C91BC942}") = "MatrixMultiplication", "MatrixMultiplication.vcxproj", "{A53F28DA-3F73-4A86-9426-D3CF3A7489E8}"
EndProject
Global
	GlobalSection(SolutionConfigurationPlatforms) = preSolution
		Debug|x64 = Debug|x64
		Debug|x86 = Debug|x86
		Release|x64 = Release|x64
		Release|x86 = Release|x86
	EndGlobalSection
	GlobalSection(ProjectConfigurationPlatforms) = postSolution
		{A53F28DA-3F73-4A86-9426-D3CF3A7489E8}.Debug|x64.ActiveCfg = Debug|x64
		{A53F28DA-3F73-4A86-9426-D3CF3A7489E8}.Debug|x64.Build.0 = Debug|x64
		{A53F28DA-3F73-4A86-9426-D3CF3A7489E8}.Debug|x86.ActiveCfg = Debug|Win32
		{A53F28DA-3F73-4A86-9426-D3CF3A7489E8}.Debug|x86.Build.0 = Debug|Win32
		{A53F28DA-3F73-4A86-9426-D3CF3A7489E8}.Release|x64.ActiveCfg = Release|x64
		{A53F28DA-3F73-4A86-9426-D3CF3A7489E8}.Release|x64.Build.0 = Release|x64
		{A53F28DA-3F73-4A86-9426-D3CF3A7489E8}.Release|x86.ActiveCfg = Release|Win32
		{A53F28DA-3F73-4A86-9426-D3CF3A7489E8}.Release|x86.Build.0 = Release|Win32
	EndGlobalSection
	GlobalSection(SolutionProperties) = preSolution
		HideSolutionNode = FALSE
	EndGlobalSection
	GlobalSection(ExtensibilityGlobals) = postSolution
		SolutionGuid = {E1F29A50-2C0B-43D3-AFD4-5E3C213B0864}
	EndGlobalSection
EndGlobal
